
Microsoft Visual Studio Solution File, Format Version 12.00
# Visual Studio 15
VisualStudioVersion = 15.0.27703.2035
MinimumVisualStudioVersion = 10.0.40219.1
Project("{9A19103F-16F7-4668-BE54-9A1E7A4F7556}") = "C2C2", "C2C2\C2C2.csproj", "{929610D9-B89D-4E50-B7CE-D4B1996613ED}"
EndProject
Project("{FAE04EC0-301F-11D3-BF4B-00C04F79EFBC}") = "AspNetUsersSPA", "AspNetUsersSPA\AspNetUsersSPA.csproj", "{33E46D54-5171-4EB4-8144-893CD331644B}"
EndProject
Global
	GlobalSection(SolutionConfigurationPlatforms) = preSolution
		Debug|Any CPU = Debug|Any CPU
		Release|Any CPU = Release|Any CPU
	EndGlobalSection
	GlobalSection(ProjectConfigurationPlatforms) = postSolution
		{929610D9-B89D-4E50-B7CE-D4B1996613ED}.Debug|Any CPU.ActiveCfg = Debug|Any CPU
		{929610D9-B89D-4E50-B7CE-D4B1996613ED}.Debug|Any CPU.Build.0 = Debug|Any CPU
		{929610D9-B89D-4E50-B7CE-D4B1996613ED}.Release|Any CPU.ActiveCfg = Release|Any CPU
		{929610D9-B89D-4E50-B7CE-D4B1996613ED}.Release|Any CPU.Build.0 = Release|Any CPU
		{33E46D54-5171-4EB4-8144-893CD331644B}.Debug|Any CPU.ActiveCfg = Debug|Any CPU
		{33E46D54-5171-4EB4-8144-893CD331644B}.Debug|Any CPU.Build.0 = Debug|Any CPU
		{33E46D54-5171-4EB4-8144-893CD331644B}.Release|Any CPU.ActiveCfg = Release|Any CPU
		{33E46D54-5171-4EB4-8144-893CD331644B}.Release|Any CPU.Build.0 = Release|Any CPU
	EndGlobalSection
	GlobalSection(SolutionProperties) = preSolution
		HideSolutionNode = FALSE
	EndGlobalSection
	GlobalSection(ExtensibilityGlobals) = postSolution
		SolutionGuid = {6FAB7BF3-5C9A-4DB5-91B9-05E8AF972AE4}
	EndGlobalSection
EndGlobal
